// !$*UTF8*$!
{
	archiveVersion = 1;
	classes = {
	};
	objectVersion = 46;
	objects = {

/* Begin PBXBuildFile section */
		8AAEA7F51DBA5CCC00B908A0 /* AppDelegate.swift in Sources */ = {isa = PBXBuildFile; fileRef = 8AAEA7F41DBA5CCC00B908A0 /* AppDelegate.swift */; };
		8AAEA7F71DBA5CCC00B908A0 /* GameScene.sks in Resources */ = {isa = PBXBuildFile; fileRef = 8AAEA7F61DBA5CCC00B908A0 /* GameScene.sks */; };
		8AAEA7F91DBA5CCC00B908A0 /* Actions.sks in Resources */ = {isa = PBXBuildFile; fileRef = 8AAEA7F81DBA5CCC00B908A0 /* Actions.sks */; };
		8AAEA7FB1DBA5CCC00B908A0 /* GameScene.swift in Sources */ = {isa = PBXBuildFile; fileRef = 8AAEA7FA1DBA5CCC00B908A0 /* GameScene.swift */; };
		8AAEA7FD1DBA5CCC00B908A0 /* GameViewController.swift in Sources */ = {isa = PBXBuildFile; fileRef = 8AAEA7FC1DBA5CCC00B908A0 /* GameViewController.swift */; };
		8AAEA8001DBA5CCC00B908A0 /* Main.storyboard in Resources */ = {isa = PBXBuildFile; fileRef = 8AAEA7FE1DBA5CCC00B908A0 /* Main.storyboard */; };
		8AAEA8021DBA5CCC00B908A0 /* Assets.xcassets in Resources */ = {isa = PBXBuildFile; fileRef = 8AAEA8011DBA5CCC00B908A0 /* Assets.xcassets */; };
		8AAEA8051DBA5CCC00B908A0 /* LaunchScreen.storyboard in Resources */ = {isa = PBXBuildFile; fileRef = 8AAEA8031DBA5CCC00B908A0 /* LaunchScreen.storyboard */; };
		8AAEA8101DBA5CCC00B908A0 /* JoguinhoTests.swift in Sources */ = {isa = PBXBuildFile; fileRef = 8AAEA80F1DBA5CCC00B908A0 /* JoguinhoTests.swift */; };
		8AAEA81B1DBA5CCC00B908A0 /* JoguinhoUITests.swift in Sources */ = {isa = PBXBuildFile; fileRef = 8AAEA81A1DBA5CCC00B908A0 /* JoguinhoUITests.swift */; };
		8AAEA82E1DBA5D6900B908A0 /* Planet.swift in Sources */ = {isa = PBXBuildFile; fileRef = 8AAEA82D1DBA5D6900B908A0 /* Planet.swift */; };
		8AAEA8301DBA765200B908A0 /* Astronaut.swift in Sources */ = {isa = PBXBuildFile; fileRef = 8AAEA82F1DBA765200B908A0 /* Astronaut.swift */; };
		8AAEA8321DBA766D00B908A0 /* Spaceship.swift in Sources */ = {isa = PBXBuildFile; fileRef = 8AAEA8311DBA766D00B908A0 /* Spaceship.swift */; };
		8AAEA8341DBA76C400B908A0 /* Player.swift in Sources */ = {isa = PBXBuildFile; fileRef = 8AAEA8331DBA76C400B908A0 /* Player.swift */; };
		8AAEA8361DBA76E700B908A0 /* Item.swift in Sources */ = {isa = PBXBuildFile; fileRef = 8AAEA8351DBA76E700B908A0 /* Item.swift */; };
		8AAEA8381DBA770500B908A0 /* Clothing.swift in Sources */ = {isa = PBXBuildFile; fileRef = 8AAEA8371DBA770500B908A0 /* Clothing.swift */; };
		8AAEA83B1DBA778C00B908A0 /* Piece.swift in Sources */ = {isa = PBXBuildFile; fileRef = 8AAEA83A1DBA778C00B908A0 /* Piece.swift */; };
		8AAEA83D1DBA785200B908A0 /* Level.swift in Sources */ = {isa = PBXBuildFile; fileRef = 8AAEA83C1DBA785200B908A0 /* Level.swift */; };
		8AAEA83F1DBA799700B908A0 /* SurvivalArtefact.swift in Sources */ = {isa = PBXBuildFile; fileRef = 8AAEA83E1DBA799700B908A0 /* SurvivalArtefact.swift */; };
/* End PBXBuildFile section */

/* Begin PBXContainerItemProxy section */
		8AAEA80C1DBA5CCC00B908A0 /* PBXContainerItemProxy */ = {
			isa = PBXContainerItemProxy;
			containerPortal = 8AAEA7E91DBA5CCC00B908A0 /* Project object */;
			proxyType = 1;
			remoteGlobalIDString = 8AAEA7F01DBA5CCC00B908A0;
			remoteInfo = Joguinho;
		};
		8AAEA8171DBA5CCC00B908A0 /* PBXContainerItemProxy */ = {
			isa = PBXContainerItemProxy;
			containerPortal = 8AAEA7E91DBA5CCC00B908A0 /* Project object */;
			proxyType = 1;
			remoteGlobalIDString = 8AAEA7F01DBA5CCC00B908A0;
			remoteInfo = Joguinho;
		};
/* End PBXContainerItemProxy section */

/* Begin PBXFileReference section */
		8AAEA7F11DBA5CCC00B908A0 /* Joguinho.app */ = {isa = PBXFileReference; explicitFileType = wrapper.application; includeInIndex = 0; path = Joguinho.app; sourceTree = BUILT_PRODUCTS_DIR; };
		8AAEA7F41DBA5CCC00B908A0 /* AppDelegate.swift */ = {isa = PBXFileReference; lastKnownFileType = sourcecode.swift; path = AppDelegate.swift; sourceTree = "<group>"; };
		8AAEA7F61DBA5CCC00B908A0 /* GameScene.sks */ = {isa = PBXFileReference; lastKnownFileType = file.sks; path = GameScene.sks; sourceTree = "<group>"; };
		8AAEA7F81DBA5CCC00B908A0 /* Actions.sks */ = {isa = PBXFileReference; lastKnownFileType = file.sks; path = Actions.sks; sourceTree = "<group>"; };
		8AAEA7FA1DBA5CCC00B908A0 /* GameScene.swift */ = {isa = PBXFileReference; lastKnownFileType = sourcecode.swift; path = GameScene.swift; sourceTree = "<group>"; };
		8AAEA7FC1DBA5CCC00B908A0 /* GameViewController.swift */ = {isa = PBXFileReference; lastKnownFileType = sourcecode.swift; path = GameViewController.swift; sourceTree = "<group>"; };
		8AAEA7FF1DBA5CCC00B908A0 /* Base */ = {isa = PBXFileReference; lastKnownFileType = file.storyboard; name = Base; path = Base.lproj/Main.storyboard; sourceTree = "<group>"; };
		8AAEA8011DBA5CCC00B908A0 /* Assets.xcassets */ = {isa = PBXFileReference; lastKnownFileType = folder.assetcatalog; path = Assets.xcassets; sourceTree = "<group>"; };
		8AAEA8041DBA5CCC00B908A0 /* Base */ = {isa = PBXFileReference; lastKnownFileType = file.storyboard; name = Base; path = Base.lproj/LaunchScreen.storyboard; sourceTree = "<group>"; };
		8AAEA8061DBA5CCC00B908A0 /* Info.plist */ = {isa = PBXFileReference; lastKnownFileType = text.plist.xml; path = Info.plist; sourceTree = "<group>"; };
		8AAEA80B1DBA5CCC00B908A0 /* JoguinhoTests.xctest */ = {isa = PBXFileReference; explicitFileType = wrapper.cfbundle; includeInIndex = 0; path = JoguinhoTests.xctest; sourceTree = BUILT_PRODUCTS_DIR; };
		8AAEA80F1DBA5CCC00B908A0 /* JoguinhoTests.swift */ = {isa = PBXFileReference; lastKnownFileType = sourcecode.swift; path = JoguinhoTests.swift; sourceTree = "<group>"; };
		8AAEA8111DBA5CCC00B908A0 /* Info.plist */ = {isa = PBXFileReference; lastKnownFileType = text.plist.xml; path = Info.plist; sourceTree = "<group>"; };
		8AAEA8161DBA5CCC00B908A0 /* JoguinhoUITests.xctest */ = {isa = PBXFileReference; explicitFileType = wrapper.cfbundle; includeInIndex = 0; path = JoguinhoUITests.xctest; sourceTree = BUILT_PRODUCTS_DIR; };
		8AAEA81A1DBA5CCC00B908A0 /* JoguinhoUITests.swift */ = {isa = PBXFileReference; lastKnownFileType = sourcecode.swift; path = JoguinhoUITests.swift; sourceTree = "<group>"; };
		8AAEA81C1DBA5CCC00B908A0 /* Info.plist */ = {isa = PBXFileReference; lastKnownFileType = text.plist.xml; path = Info.plist; sourceTree = "<group>"; };
		8AAEA82D1DBA5D6900B908A0 /* Planet.swift */ = {isa = PBXFileReference; fileEncoding = 4; lastKnownFileType = sourcecode.swift; path = Planet.swift; sourceTree = "<group>"; };
		8AAEA82F1DBA765200B908A0 /* Astronaut.swift */ = {isa = PBXFileReference; fileEncoding = 4; lastKnownFileType = sourcecode.swift; path = Astronaut.swift; sourceTree = "<group>"; };
		8AAEA8311DBA766D00B908A0 /* Spaceship.swift */ = {isa = PBXFileReference; fileEncoding = 4; lastKnownFileType = sourcecode.swift; path = Spaceship.swift; sourceTree = "<group>"; };
		8AAEA8331DBA76C400B908A0 /* Player.swift */ = {isa = PBXFileReference; fileEncoding = 4; lastKnownFileType = sourcecode.swift; path = Player.swift; sourceTree = "<group>"; };
		8AAEA8351DBA76E700B908A0 /* Item.swift */ = {isa = PBXFileReference; fileEncoding = 4; lastKnownFileType = sourcecode.swift; path = Item.swift; sourceTree = "<group>"; };
		8AAEA8371DBA770500B908A0 /* Clothing.swift */ = {isa = PBXFileReference; fileEncoding = 4; lastKnownFileType = sourcecode.swift; path = Clothing.swift; sourceTree = "<group>"; };
		8AAEA83A1DBA778C00B908A0 /* Piece.swift */ = {isa = PBXFileReference; fileEncoding = 4; lastKnownFileType = sourcecode.swift; path = Piece.swift; sourceTree = "<group>"; };
		8AAEA83C1DBA785200B908A0 /* Level.swift */ = {isa = PBXFileReference; fileEncoding = 4; lastKnownFileType = sourcecode.swift; path = Level.swift; sourceTree = "<group>"; };
		8AAEA83E1DBA799700B908A0 /* SurvivalArtefact.swift */ = {isa = PBXFileReference; fileEncoding = 4; lastKnownFileType = sourcecode.swift; path = SurvivalArtefact.swift; sourceTree = "<group>"; };
/* End PBXFileReference section */

/* Begin PBXFrameworksBuildPhase section */
		8AAEA7EE1DBA5CCC00B908A0 /* Frameworks */ = {
			isa = PBXFrameworksBuildPhase;
			buildActionMask = 2147483647;
			files = (
			);
			runOnlyForDeploymentPostprocessing = 0;
		};
		8AAEA8081DBA5CCC00B908A0 /* Frameworks */ = {
			isa = PBXFrameworksBuildPhase;
			buildActionMask = 2147483647;
			files = (
			);
			runOnlyForDeploymentPostprocessing = 0;
		};
		8AAEA8131DBA5CCC00B908A0 /* Frameworks */ = {
			isa = PBXFrameworksBuildPhase;
			buildActionMask = 2147483647;
			files = (
			);
			runOnlyForDeploymentPostprocessing = 0;
		};
/* End PBXFrameworksBuildPhase section */

/* Begin PBXGroup section */
		8AAEA7E81DBA5CCC00B908A0 = {
			isa = PBXGroup;
			children = (
				8AAEA7F31DBA5CCC00B908A0 /* Joguinho */,
				8AAEA80E1DBA5CCC00B908A0 /* JoguinhoTests */,
				8AAEA8191DBA5CCC00B908A0 /* JoguinhoUITests */,
				8AAEA7F21DBA5CCC00B908A0 /* Products */,
			);
			sourceTree = "<group>";
		};
		8AAEA7F21DBA5CCC00B908A0 /* Products */ = {
			isa = PBXGroup;
			children = (
				8AAEA7F11DBA5CCC00B908A0 /* Joguinho.app */,
				8AAEA80B1DBA5CCC00B908A0 /* JoguinhoTests.xctest */,
				8AAEA8161DBA5CCC00B908A0 /* JoguinhoUITests.xctest */,
			);
			name = Products;
			sourceTree = "<group>";
		};
		8AAEA7F31DBA5CCC00B908A0 /* Joguinho */ = {
			isa = PBXGroup;
			children = (
				8AAEA82C1DBA5D5400B908A0 /* Model */,
				8AAEA82B1DBA5D4C00B908A0 /* View */,
				8AAEA8291DBA5D3100B908A0 /* Controller */,
				8AAEA8011DBA5CCC00B908A0 /* Assets.xcassets */,
				8AAEA8061DBA5CCC00B908A0 /* Info.plist */,
			);
			path = Joguinho;
			sourceTree = "<group>";
		};
		8AAEA80E1DBA5CCC00B908A0 /* JoguinhoTests */ = {
			isa = PBXGroup;
			children = (
				8AAEA80F1DBA5CCC00B908A0 /* JoguinhoTests.swift */,
				8AAEA8111DBA5CCC00B908A0 /* Info.plist */,
			);
			path = JoguinhoTests;
			sourceTree = "<group>";
		};
		8AAEA8191DBA5CCC00B908A0 /* JoguinhoUITests */ = {
			isa = PBXGroup;
			children = (
				8AAEA81A1DBA5CCC00B908A0 /* JoguinhoUITests.swift */,
				8AAEA81C1DBA5CCC00B908A0 /* Info.plist */,
			);
			path = JoguinhoUITests;
			sourceTree = "<group>";
		};
		8AAEA8291DBA5D3100B908A0 /* Controller */ = {
			isa = PBXGroup;
			children = (
				8AAEA7F41DBA5CCC00B908A0 /* AppDelegate.swift */,
				8AAEA7FA1DBA5CCC00B908A0 /* GameScene.swift */,
				8AAEA7FC1DBA5CCC00B908A0 /* GameViewController.swift */,
			);
			name = Controller;
			sourceTree = "<group>";
		};
		8AAEA82B1DBA5D4C00B908A0 /* View */ = {
			isa = PBXGroup;
			children = (
				8AAEA7FE1DBA5CCC00B908A0 /* Main.storyboard */,
				8AAEA7F61DBA5CCC00B908A0 /* GameScene.sks */,
				8AAEA7F81DBA5CCC00B908A0 /* Actions.sks */,
				8AAEA8031DBA5CCC00B908A0 /* LaunchScreen.storyboard */,
			);
			name = View;
			sourceTree = "<group>";
		};
		8AAEA82C1DBA5D5400B908A0 /* Model */ = {
			isa = PBXGroup;
			children = (
				8AAEA82D1DBA5D6900B908A0 /* Planet.swift */,
				8AAEA82F1DBA765200B908A0 /* Astronaut.swift */,
				8AAEA8311DBA766D00B908A0 /* Spaceship.swift */,
				8AAEA8331DBA76C400B908A0 /* Player.swift */,
				8AAEA8351DBA76E700B908A0 /* Item.swift */,
				8AAEA8371DBA770500B908A0 /* Clothing.swift */,
				8AAEA83A1DBA778C00B908A0 /* Piece.swift */,
				8AAEA83C1DBA785200B908A0 /* Level.swift */,
				8AAEA83E1DBA799700B908A0 /* SurvivalArtefact.swift */,
			);
			name = Model;
			sourceTree = "<group>";
		};
/* End PBXGroup section */

/* Begin PBXNativeTarget section */
		8AAEA7F01DBA5CCC00B908A0 /* Joguinho */ = {
			isa = PBXNativeTarget;
			buildConfigurationList = 8AAEA81F1DBA5CCC00B908A0 /* Build configuration list for PBXNativeTarget "Joguinho" */;
			buildPhases = (
				8AAEA7ED1DBA5CCC00B908A0 /* Sources */,
				8AAEA7EE1DBA5CCC00B908A0 /* Frameworks */,
				8AAEA7EF1DBA5CCC00B908A0 /* Resources */,
			);
			buildRules = (
			);
			dependencies = (
			);
			name = Joguinho;
			productName = Joguinho;
			productReference = 8AAEA7F11DBA5CCC00B908A0 /* Joguinho.app */;
			productType = "com.apple.product-type.application";
		};
		8AAEA80A1DBA5CCC00B908A0 /* JoguinhoTests */ = {
			isa = PBXNativeTarget;
			buildConfigurationList = 8AAEA8221DBA5CCC00B908A0 /* Build configuration list for PBXNativeTarget "JoguinhoTests" */;
			buildPhases = (
				8AAEA8071DBA5CCC00B908A0 /* Sources */,
				8AAEA8081DBA5CCC00B908A0 /* Frameworks */,
				8AAEA8091DBA5CCC00B908A0 /* Resources */,
			);
			buildRules = (
			);
			dependencies = (
				8AAEA80D1DBA5CCC00B908A0 /* PBXTargetDependency */,
			);
			name = JoguinhoTests;
			productName = JoguinhoTests;
			productReference = 8AAEA80B1DBA5CCC00B908A0 /* JoguinhoTests.xctest */;
			productType = "com.apple.product-type.bundle.unit-test";
		};
		8AAEA8151DBA5CCC00B908A0 /* JoguinhoUITests */ = {
			isa = PBXNativeTarget;
			buildConfigurationList = 8AAEA8251DBA5CCC00B908A0 /* Build configuration list for PBXNativeTarget "JoguinhoUITests" */;
			buildPhases = (
				8AAEA8121DBA5CCC00B908A0 /* Sources */,
				8AAEA8131DBA5CCC00B908A0 /* Frameworks */,
				8AAEA8141DBA5CCC00B908A0 /* Resources */,
			);
			buildRules = (
			);
			dependencies = (
				8AAEA8181DBA5CCC00B908A0 /* PBXTargetDependency */,
			);
			name = JoguinhoUITests;
			productName = JoguinhoUITests;
			productReference = 8AAEA8161DBA5CCC00B908A0 /* JoguinhoUITests.xctest */;
			productType = "com.apple.product-type.bundle.ui-testing";
		};
/* End PBXNativeTarget section */

/* Begin PBXProject section */
		8AAEA7E91DBA5CCC00B908A0 /* Project object */ = {
			isa = PBXProject;
			attributes = {
				LastSwiftUpdateCheck = 0800;
				LastUpgradeCheck = 0800;
				ORGANIZATIONNAME = "Andre Machado Parente";
				TargetAttributes = {
					8AAEA7F01DBA5CCC00B908A0 = {
						CreatedOnToolsVersion = 8.0;
						DevelopmentTeam = C5676RKFWG;
						ProvisioningStyle = Automatic;
					};
					8AAEA80A1DBA5CCC00B908A0 = {
						CreatedOnToolsVersion = 8.0;
						DevelopmentTeam = C5676RKFWG;
						ProvisioningStyle = Automatic;
						TestTargetID = 8AAEA7F01DBA5CCC00B908A0;
					};
					8AAEA8151DBA5CCC00B908A0 = {
						CreatedOnToolsVersion = 8.0;
						DevelopmentTeam = C5676RKFWG;
						ProvisioningStyle = Automatic;
						TestTargetID = 8AAEA7F01DBA5CCC00B908A0;
					};
				};
			};
			buildConfigurationList = 8AAEA7EC1DBA5CCC00B908A0 /* Build configuration list for PBXProject "Joguinho" */;
			compatibilityVersion = "Xcode 3.2";
			developmentRegion = English;
			hasScannedForEncodings = 0;
			knownRegions = (
				en,
				Base,
			);
			mainGroup = 8AAEA7E81DBA5CCC00B908A0;
			productRefGroup = 8AAEA7F21DBA5CCC00B908A0 /* Products */;
			projectDirPath = "";
			projectRoot = "";
			targets = (
				8AAEA7F01DBA5CCC00B908A0 /* Joguinho */,
				8AAEA80A1DBA5CCC00B908A0 /* JoguinhoTests */,
				8AAEA8151DBA5CCC00B908A0 /* JoguinhoUITests */,
			);
		};
/* End PBXProject section */

/* Begin PBXResourcesBuildPhase section */
		8AAEA7EF1DBA5CCC00B908A0 /* Resources */ = {
			isa = PBXResourcesBuildPhase;
			buildActionMask = 2147483647;
			files = (
				8AAEA8001DBA5CCC00B908A0 /* Main.storyboard in Resources */,
				8AAEA7F71DBA5CCC00B908A0 /* GameScene.sks in Resources */,
				8AAEA8021DBA5CCC00B908A0 /* Assets.xcassets in Resources */,
				8AAEA8051DBA5CCC00B908A0 /* LaunchScreen.storyboard in Resources */,
				8AAEA7F91DBA5CCC00B908A0 /* Actions.sks in Resources */,
			);
			runOnlyForDeploymentPostprocessing = 0;
		};
		8AAEA8091DBA5CCC00B908A0 /* Resources */ = {
			isa = PBXResourcesBuildPhase;
			buildActionMask = 2147483647;
			files = (
			);
			runOnlyForDeploymentPostprocessing = 0;
		};
		8AAEA8141DBA5CCC00B908A0 /* Resources */ = {
			isa = PBXResourcesBuildPhase;
			buildActionMask = 2147483647;
			files = (
			);
			runOnlyForDeploymentPostprocessing = 0;
		};
/* End PBXResourcesBuildPhase section */

/* Begin PBXSourcesBuildPhase section */
		8AAEA7ED1DBA5CCC00B908A0 /* Sources */ = {
			isa = PBXSourcesBuildPhase;
			buildActionMask = 2147483647;
			files = (
				8AAEA8321DBA766D00B908A0 /* Spaceship.swift in Sources */,
				8AAEA83D1DBA785200B908A0 /* Level.swift in Sources */,
				8AAEA7FB1DBA5CCC00B908A0 /* GameScene.swift in Sources */,
				8AAEA83B1DBA778C00B908A0 /* Piece.swift in Sources */,
				8AAEA7FD1DBA5CCC00B908A0 /* GameViewController.swift in Sources */,
				8AAEA8301DBA765200B908A0 /* Astronaut.swift in Sources */,
				8AAEA8361DBA76E700B908A0 /* Item.swift in Sources */,
				8AAEA83F1DBA799700B908A0 /* SurvivalArtefact.swift in Sources */,
				8AAEA8341DBA76C400B908A0 /* Player.swift in Sources */,
				8AAEA7F51DBA5CCC00B908A0 /* AppDelegate.swift in Sources */,
				8AAEA8381DBA770500B908A0 /* Clothing.swift in Sources */,
				8AAEA82E1DBA5D6900B908A0 /* Planet.swift in Sources */,
			);
			runOnlyForDeploymentPostprocessing = 0;
		};
		8AAEA8071DBA5CCC00B908A0 /* Sources */ = {
			isa = PBXSourcesBuildPhase;
			buildActionMask = 2147483647;
			files = (
				8AAEA8101DBA5CCC00B908A0 /* JoguinhoTests.swift in Sources */,
			);
			runOnlyForDeploymentPostprocessing = 0;
		};
		8AAEA8121DBA5CCC00B908A0 /* Sources */ = {
			isa = PBXSourcesBuildPhase;
			buildActionMask = 2147483647;
			files = (
				8AAEA81B1DBA5CCC00B908A0 /* JoguinhoUITests.swift in Sources */,
			);
			runOnlyForDeploymentPostprocessing = 0;
		};
/* End PBXSourcesBuildPhase section */

/* Begin PBXTargetDependency section */
		8AAEA80D1DBA5CCC00B908A0 /* PBXTargetDependency */ = {
			isa = PBXTargetDependency;
			target = 8AAEA7F01DBA5CCC00B908A0 /* Joguinho */;
			targetProxy = 8AAEA80C1DBA5CCC00B908A0 /* PBXContainerItemProxy */;
		};
		8AAEA8181DBA5CCC00B908A0 /* PBXTargetDependency */ = {
			isa = PBXTargetDependency;
			target = 8AAEA7F01DBA5CCC00B908A0 /* Joguinho */;
			targetProxy = 8AAEA8171DBA5CCC00B908A0 /* PBXContainerItemProxy */;
		};
/* End PBXTargetDependency section */

/* Begin PBXVariantGroup section */
		8AAEA7FE1DBA5CCC00B908A0 /* Main.storyboard */ = {
			isa = PBXVariantGroup;
			children = (
				8AAEA7FF1DBA5CCC00B908A0 /* Base */,
			);
			name = Main.storyboard;
			sourceTree = "<group>";
		};
		8AAEA8031DBA5CCC00B908A0 /* LaunchScreen.storyboard */ = {
			isa = PBXVariantGroup;
			children = (
				8AAEA8041DBA5CCC00B908A0 /* Base */,
			);
			name = LaunchScreen.storyboard;
			sourceTree = "<group>";
		};
/* End PBXVariantGroup section */

/* Begin XCBuildConfiguration section */
		8AAEA81D1DBA5CCC00B908A0 /* Debug */ = {
			isa = XCBuildConfiguration;
			buildSettings = {
				ALWAYS_SEARCH_USER_PATHS = NO;
				CLANG_ANALYZER_NONNULL = YES;
				CLANG_CXX_LANGUAGE_STANDARD = "gnu++0x";
				CLANG_CXX_LIBRARY = "libc++";
				CLANG_ENABLE_MODULES = YES;
				CLANG_ENABLE_OBJC_ARC = YES;
				CLANG_WARN_BOOL_CONVERSION = YES;
				CLANG_WARN_CONSTANT_CONVERSION = YES;
				CLANG_WARN_DIRECT_OBJC_ISA_USAGE = YES_ERROR;
				CLANG_WARN_DOCUMENTATION_COMMENTS = YES;
				CLANG_WARN_EMPTY_BODY = YES;
				CLANG_WARN_ENUM_CONVERSION = YES;
				CLANG_WARN_INFINITE_RECURSION = YES;
				CLANG_WARN_INT_CONVERSION = YES;
				CLANG_WARN_OBJC_ROOT_CLASS = YES_ERROR;
				CLANG_WARN_SUSPICIOUS_MOVES = YES;
				CLANG_WARN_UNREACHABLE_CODE = YES;
				CLANG_WARN__DUPLICATE_METHOD_MATCH = YES;
				"CODE_SIGN_IDENTITY[sdk=iphoneos*]" = "iPhone Developer";
				COPY_PHASE_STRIP = NO;
				DEBUG_INFORMATION_FORMAT = dwarf;
				ENABLE_STRICT_OBJC_MSGSEND = YES;
				ENABLE_TESTABILITY = YES;
				GCC_C_LANGUAGE_STANDARD = gnu99;
				GCC_DYNAMIC_NO_PIC = NO;
				GCC_NO_COMMON_BLOCKS = YES;
				GCC_OPTIMIZATION_LEVEL = 0;
				GCC_PREPROCESSOR_DEFINITIONS = (
					"DEBUG=1",
					"$(inherited)",
				);
				GCC_WARN_64_TO_32_BIT_CONVERSION = YES;
				GCC_WARN_ABOUT_RETURN_TYPE = YES_ERROR;
				GCC_WARN_UNDECLARED_SELECTOR = YES;
				GCC_WARN_UNINITIALIZED_AUTOS = YES_AGGRESSIVE;
				GCC_WARN_UNUSED_FUNCTION = YES;
				GCC_WARN_UNUSED_VARIABLE = YES;
				IPHONEOS_DEPLOYMENT_TARGET = 10.0;
				MTL_ENABLE_DEBUG_INFO = YES;
				ONLY_ACTIVE_ARCH = YES;
				SDKROOT = iphoneos;
				SWIFT_ACTIVE_COMPILATION_CONDITIONS = DEBUG;
				SWIFT_OPTIMIZATION_LEVEL = "-Onone";
			};
			name = Debug;
		};
		8AAEA81E1DBA5CCC00B908A0 /* Release */ = {
			isa = XCBuildConfiguration;
			buildSettings = {
				ALWAYS_SEARCH_USER_PATHS = NO;
				CLANG_ANALYZER_NONNULL = YES;
				CLANG_CXX_LANGUAGE_STANDARD = "gnu++0x";
				CLANG_CXX_LIBRARY = "libc++";
				CLANG_ENABLE_MODULES = YES;
				CLANG_ENABLE_OBJC_ARC = YES;
				CLANG_WARN_BOOL_CONVERSION = YES;
				CLANG_WARN_CONSTANT_CONVERSION = YES;
				CLANG_WARN_DIRECT_OBJC_ISA_USAGE = YES_ERROR;
				CLANG_WARN_DOCUMENTATION_COMMENTS = YES;
				CLANG_WARN_EMPTY_BODY = YES;
				CLANG_WARN_ENUM_CONVERSION = YES;
				CLANG_WARN_INFINITE_RECURSION = YES;
				CLANG_WARN_INT_CONVERSION = YES;
				CLANG_WARN_OBJC_ROOT_CLASS = YES_ERROR;
				CLANG_WARN_SUSPICIOUS_MOVES = YES;
				CLANG_WARN_UNREACHABLE_CODE = YES;
				CLANG_WARN__DUPLICATE_METHOD_MATCH = YES;
				"CODE_SIGN_IDENTITY[sdk=iphoneos*]" = "iPhone Developer";
				COPY_PHASE_STRIP = NO;
				DEBUG_INFORMATION_FORMAT = "dwarf-with-dsym";
				ENABLE_NS_ASSERTIONS = NO;
				ENABLE_STRICT_OBJC_MSGSEND = YES;
				GCC_C_LANGUAGE_STANDARD = gnu99;
				GCC_NO_COMMON_BLOCKS = YES;
				GCC_WARN_64_TO_32_BIT_CONVERSION = YES;
				GCC_WARN_ABOUT_RETURN_TYPE = YES_ERROR;
				GCC_WARN_UNDECLARED_SELECTOR = YES;
				GCC_WARN_UNINITIALIZED_AUTOS = YES_AGGRESSIVE;
				GCC_WARN_UNUSED_FUNCTION = YES;
				GCC_WARN_UNUSED_VARIABLE = YES;
				IPHONEOS_DEPLOYMENT_TARGET = 10.0;
				MTL_ENABLE_DEBUG_INFO = NO;
				SDKROOT = iphoneos;
				SWIFT_OPTIMIZATION_LEVEL = "-Owholemodule";
				VALIDATE_PRODUCT = YES;
			};
			name = Release;
		};
		8AAEA8201DBA5CCC00B908A0 /* Debug */ = {
			isa = XCBuildConfiguration;
			buildSettings = {
				ASSETCATALOG_COMPILER_APPICON_NAME = AppIcon;
				DEVELOPMENT_TEAM = C5676RKFWG;
				INFOPLIST_FILE = Joguinho/Info.plist;
				IPHONEOS_DEPLOYMENT_TARGET = 10.0;
				LD_RUNPATH_SEARCH_PATHS = "$(inherited) @executable_path/Frameworks";
				PRODUCT_BUNDLE_IDENTIFIER = com.andremachadoparente.Joguinho;
				PRODUCT_NAME = "$(TARGET_NAME)";
				SWIFT_VERSION = 3.0;
			};
			name = Debug;
		};
		8AAEA8211DBA5CCC00B908A0 /* Release */ = {
			isa = XCBuildConfiguration;
			buildSettings = {
				ASSETCATALOG_COMPILER_APPICON_NAME = AppIcon;
				DEVELOPMENT_TEAM = C5676RKFWG;
				INFOPLIST_FILE = Joguinho/Info.plist;
				IPHONEOS_DEPLOYMENT_TARGET = 10.0;
				LD_RUNPATH_SEARCH_PATHS = "$(inherited) @executable_path/Frameworks";
				PRODUCT_BUNDLE_IDENTIFIER = com.andremachadoparente.Joguinho;
				PRODUCT_NAME = "$(TARGET_NAME)";
				SWIFT_VERSION = 3.0;
			};
			name = Release;
		};
		8AAEA8231DBA5CCC00B908A0 /* Debug */ = {
			isa = XCBuildConfiguration;
			buildSettings = {
				ALWAYS_EMBED_SWIFT_STANDARD_LIBRARIES = YES;
				BUNDLE_LOADER = "$(TEST_HOST)";
				DEVELOPMENT_TEAM = C5676RKFWG;
				INFOPLIST_FILE = JoguinhoTests/Info.plist;
				LD_RUNPATH_SEARCH_PATHS = "$(inherited) @executable_path/Frameworks @loader_path/Frameworks";
				PRODUCT_BUNDLE_IDENTIFIER = com.andremachadoparente.JoguinhoTests;
				PRODUCT_NAME = "$(TARGET_NAME)";
				SWIFT_VERSION = 3.0;
				TEST_HOST = "$(BUILT_PRODUCTS_DIR)/Joguinho.app/Joguinho";
			};
			name = Debug;
		};
		8AAEA8241DBA5CCC00B908A0 /* Release */ = {
			isa = XCBuildConfiguration;
			buildSettings = {
				ALWAYS_EMBED_SWIFT_STANDARD_LIBRARIES = YES;
				BUNDLE_LOADER = "$(TEST_HOST)";
				DEVELOPMENT_TEAM = C5676RKFWG;
				INFOPLIST_FILE = JoguinhoTests/Info.plist;
				LD_RUNPATH_SEARCH_PATHS = "$(inherited) @executable_path/Frameworks @loader_path/Frameworks";
				PRODUCT_BUNDLE_IDENTIFIER = com.andremachadoparente.JoguinhoTests;
				PRODUCT_NAME = "$(TARGET_NAME)";
				SWIFT_VERSION = 3.0;
				TEST_HOST = "$(BUILT_PRODUCTS_DIR)/Joguinho.app/Joguinho";
			};
			name = Release;
		};
		8AAEA8261DBA5CCC00B908A0 /* Debug */ = {
			isa = XCBuildConfiguration;
			buildSettings = {
				ALWAYS_EMBED_SWIFT_STANDARD_LIBRARIES = YES;
				DEVELOPMENT_TEAM = C5676RKFWG;
				INFOPLIST_FILE = JoguinhoUITests/Info.plist;
				LD_RUNPATH_SEARCH_PATHS = "$(inherited) @executable_path/Frameworks @loader_path/Frameworks";
				PRODUCT_BUNDLE_IDENTIFIER = com.andremachadoparente.JoguinhoUITests;
				PRODUCT_NAME = "$(TARGET_NAME)";
				SWIFT_VERSION = 3.0;
				TEST_TARGET_NAME = Joguinho;
			};
			name = Debug;
		};
		8AAEA8271DBA5CCC00B908A0 /* Release */ = {
			isa = XCBuildConfiguration;
			buildSettings = {
				ALWAYS_EMBED_SWIFT_STANDARD_LIBRARIES = YES;
				DEVELOPMENT_TEAM = C5676RKFWG;
				INFOPLIST_FILE = JoguinhoUITests/Info.plist;
				LD_RUNPATH_SEARCH_PATHS = "$(inherited) @executable_path/Frameworks @loader_path/Frameworks";
				PRODUCT_BUNDLE_IDENTIFIER = com.andremachadoparente.JoguinhoUITests;
				PRODUCT_NAME = "$(TARGET_NAME)";
				SWIFT_VERSION = 3.0;
				TEST_TARGET_NAME = Joguinho;
			};
			name = Release;
		};
/* End XCBuildConfiguration section */

/* Begin XCConfigurationList section */
		8AAEA7EC1DBA5CCC00B908A0 /* Build configuration list for PBXProject "Joguinho" */ = {
			isa = XCConfigurationList;
			buildConfigurations = (
				8AAEA81D1DBA5CCC00B908A0 /* Debug */,
				8AAEA81E1DBA5CCC00B908A0 /* Release */,
			);
			defaultConfigurationIsVisible = 0;
			defaultConfigurationName = Release;
		};
		8AAEA81F1DBA5CCC00B908A0 /* Build configuration list for PBXNativeTarget "Joguinho" */ = {
			isa = XCConfigurationList;
			buildConfigurations = (
				8AAEA8201DBA5CCC00B908A0 /* Debug */,
				8AAEA8211DBA5CCC00B908A0 /* Release */,
			);
			defaultConfigurationIsVisible = 0;
			defaultConfigurationName = Release;
		};
		8AAEA8221DBA5CCC00B908A0 /* Build configuration list for PBXNativeTarget "JoguinhoTests" */ = {
			isa = XCConfigurationList;
			buildConfigurations = (
				8AAEA8231DBA5CCC00B908A0 /* Debug */,
				8AAEA8241DBA5CCC00B908A0 /* Release */,
			);
			defaultConfigurationIsVisible = 0;
			defaultConfigurationName = Release;
		};
		8AAEA8251DBA5CCC00B908A0 /* Build configuration list for PBXNativeTarget "JoguinhoUITests" */ = {
			isa = XCConfigurationList;
			buildConfigurations = (
				8AAEA8261DBA5CCC00B908A0 /* Debug */,
				8AAEA8271DBA5CCC00B908A0 /* Release */,
			);
			defaultConfigurationIsVisible = 0;
			defaultConfigurationName = Release;
		};
/* End XCConfigurationList section */
	};
	rootObject = 8AAEA7E91DBA5CCC00B908A0 /* Project object */;
}
